
Microsoft Visual Studio Solution File, Format Version 12.00
# Visual Studio Version 17
VisualStudioVersion = 17.9.34723.18
MinimumVisualStudioVersion = 10.0.40219.1
Project("{8BC9CEB8-8B4A-11D0-8D11-00A0C91BC942}") = "課題１", "C++実習課題\C++実習課題.vcxproj", "{58504514-D8E7-498B-BF94-1149EE47625B}"
EndProject
Project("{8BC9CEB8-8B4A-11D0-8D11-00A0C91BC942}") = "課題２", "Project1\Project1.vcxproj", "{BD1CCAC8-2EE9-4E92-AD5C-A92C2D6969BF}"
EndProject
Project("{8BC9CEB8-8B4A-11D0-8D11-00A0C91BC942}") = "課題３", "課題３\課題３.vcxproj", "{AA48B341-D208-4ABC-A49C-1943EAE85F82}"
EndProject
Project("{8BC9CEB8-8B4A-11D0-8D11-00A0C91BC942}") = "課題４", "課題４\課題４.vcxproj", "{F999F1C9-8904-44B4-B1FA-D34A8A74F45E}"
EndProject
Project("{8BC9CEB8-8B4A-11D0-8D11-00A0C91BC942}") = "課題５", "課題５\課題５.vcxproj", "{0B502120-C3A7-4B73-8138-22EC3B71F6A8}"
EndProject
Project("{8BC9CEB8-8B4A-11D0-8D11-00A0C91BC942}") = "課題６", "課題６\課題６.vcxproj", "{4EC43414-7620-4C14-92B7-354AE35F8176}"
EndProject
Global
	GlobalSection(SolutionConfigurationPlatforms) = preSolution
		Debug|x64 = Debug|x64
		Debug|x86 = Debug|x86
		Release|x64 = Release|x64
		Release|x86 = Release|x86
	EndGlobalSection
	GlobalSection(ProjectConfigurationPlatforms) = postSolution
		{58504514-D8E7-498B-BF94-1149EE47625B}.Debug|x64.ActiveCfg = Debug|x64
		{58504514-D8E7-498B-BF94-1149EE47625B}.Debug|x64.Build.0 = Debug|x64
		{58504514-D8E7-498B-BF94-1149EE47625B}.Debug|x86.ActiveCfg = Debug|Win32
		{58504514-D8E7-498B-BF94-1149EE47625B}.Debug|x86.Build.0 = Debug|Win32
		{58504514-D8E7-498B-BF94-1149EE47625B}.Release|x64.ActiveCfg = Release|x64
		{58504514-D8E7-498B-BF94-1149EE47625B}.Release|x64.Build.0 = Release|x64
		{58504514-D8E7-498B-BF94-1149EE47625B}.Release|x86.ActiveCfg = Release|Win32
		{58504514-D8E7-498B-BF94-1149EE47625B}.Release|x86.Build.0 = Release|Win32
		{BD1CCAC8-2EE9-4E92-AD5C-A92C2D6969BF}.Debug|x64.ActiveCfg = Debug|x64
		{BD1CCAC8-2EE9-4E92-AD5C-A92C2D6969BF}.Debug|x64.Build.0 = Debug|x64
		{BD1CCAC8-2EE9-4E92-AD5C-A92C2D6969BF}.Debug|x86.ActiveCfg = Debug|Win32
		{BD1CCAC8-2EE9-4E92-AD5C-A92C2D6969BF}.Debug|x86.Build.0 = Debug|Win32
		{BD1CCAC8-2EE9-4E92-AD5C-A92C2D6969BF}.Release|x64.ActiveCfg = Release|x64
		{BD1CCAC8-2EE9-4E92-AD5C-A92C2D6969BF}.Release|x64.Build.0 = Release|x64
		{BD1CCAC8-2EE9-4E92-AD5C-A92C2D6969BF}.Release|x86.ActiveCfg = Release|Win32
		{BD1CCAC8-2EE9-4E92-AD5C-A92C2D6969BF}.Release|x86.Build.0 = Release|Win32
		{AA48B341-D208-4ABC-A49C-1943EAE85F82}.Debug|x64.ActiveCfg = Debug|x64
		{AA48B341-D208-4ABC-A49C-1943EAE85F82}.Debug|x64.Build.0 = Debug|x64
		{AA48B341-D208-4ABC-A49C-1943EAE85F82}.Debug|x86.ActiveCfg = Debug|Win32
		{AA48B341-D208-4ABC-A49C-1943EAE85F82}.Debug|x86.Build.0 = Debug|Win32
		{AA48B341-D208-4ABC-A49C-1943EAE85F82}.Release|x64.ActiveCfg = Release|x64
		{AA48B341-D208-4ABC-A49C-1943EAE85F82}.Release|x64.Build.0 = Release|x64
		{AA48B341-D208-4ABC-A49C-1943EAE85F82}.Release|x86.ActiveCfg = Release|Win32
		{AA48B341-D208-4ABC-A49C-1943EAE85F82}.Release|x86.Build.0 = Release|Win32
		{F999F1C9-8904-44B4-B1FA-D34A8A74F45E}.Debug|x64.ActiveCfg = Debug|x64
		{F999F1C9-8904-44B4-B1FA-D34A8A74F45E}.Debug|x64.Build.0 = Debug|x64
		{F999F1C9-8904-44B4-B1FA-D34A8A74F45E}.Debug|x86.ActiveCfg = Debug|Win32
		{F999F1C9-8904-44B4-B1FA-D34A8A74F45E}.Debug|x86.Build.0 = Debug|Win32
		{F999F1C9-8904-44B4-B1FA-D34A8A74F45E}.Release|x64.ActiveCfg = Release|x64
		{F999F1C9-8904-44B4-B1FA-D34A8A74F45E}.Release|x64.Build.0 = Release|x64
		{F999F1C9-8904-44B4-B1FA-D34A8A74F45E}.Release|x86.ActiveCfg = Release|Win32
		{F999F1C9-8904-44B4-B1FA-D34A8A74F45E}.Release|x86.Build.0 = Release|Win32
		{0B502120-C3A7-4B73-8138-22EC3B71F6A8}.Debug|x64.ActiveCfg = Debug|x64
		{0B502120-C3A7-4B73-8138-22EC3B71F6A8}.Debug|x64.Build.0 = Debug|x64
		{0B502120-C3A7-4B73-8138-22EC3B71F6A8}.Debug|x86.ActiveCfg = Debug|Win32
		{0B502120-C3A7-4B73-8138-22EC3B71F6A8}.Debug|x86.Build.0 = Debug|Win32
		{0B502120-C3A7-4B73-8138-22EC3B71F6A8}.Release|x64.ActiveCfg = Release|x64
		{0B502120-C3A7-4B73-8138-22EC3B71F6A8}.Release|x64.Build.0 = Release|x64
		{0B502120-C3A7-4B73-8138-22EC3B71F6A8}.Release|x86.ActiveCfg = Release|Win32
		{0B502120-C3A7-4B73-8138-22EC3B71F6A8}.Release|x86.Build.0 = Release|Win32
		{4EC43414-7620-4C14-92B7-354AE35F8176}.Debug|x64.ActiveCfg = Debug|x64
		{4EC43414-7620-4C14-92B7-354AE35F8176}.Debug|x64.Build.0 = Debug|x64
		{4EC43414-7620-4C14-92B7-354AE35F8176}.Debug|x86.ActiveCfg = Debug|Win32
		{4EC43414-7620-4C14-92B7-354AE35F8176}.Debug|x86.Build.0 = Debug|Win32
		{4EC43414-7620-4C14-92B7-354AE35F8176}.Release|x64.ActiveCfg = Release|x64
		{4EC43414-7620-4C14-92B7-354AE35F8176}.Release|x64.Build.0 = Release|x64
		{4EC43414-7620-4C14-92B7-354AE35F8176}.Release|x86.ActiveCfg = Release|Win32
		{4EC43414-7620-4C14-92B7-354AE35F8176}.Release|x86.Build.0 = Release|Win32
	EndGlobalSection
	GlobalSection(SolutionProperties) = preSolution
		HideSolutionNode = FALSE
	EndGlobalSection
	GlobalSection(ExtensibilityGlobals) = postSolution
		SolutionGuid = {067A4CA9-52C1-4856-B197-06E4971AF7B3}
	EndGlobalSection
EndGlobal
